
Microsoft Visual Studio Solution File, Format Version 12.00
# Visual Studio 15
VisualStudioVersion = 15.0.28307.1022
MinimumVisualStudioVersion = 10.0.40219.1
Project("{888888A0-9F3D-457C-B088-3A5042F75D52}") = "server1", "server1\server1.pyproj", "{87DAD33F-2BD1-4820-BAC1-6D9AF449573E}"
EndProject
Global
	GlobalSection(SolutionConfigurationPlatforms) = preSolution
		Debug|Any CPU = Debug|Any CPU
		Release|Any CPU = Release|Any CPU
	EndGlobalSection
	GlobalSection(ProjectConfigurationPlatforms) = postSolution
		{87DAD33F-2BD1-4820-BAC1-6D9AF449573E}.Debug|Any CPU.ActiveCfg = Debug|Any CPU
		{87DAD33F-2BD1-4820-BAC1-6D9AF449573E}.Release|Any CPU.ActiveCfg = Release|Any CPU
	EndGlobalSection
	GlobalSection(SolutionProperties) = preSolution
		HideSolutionNode = FALSE
	EndGlobalSection
	GlobalSection(ExtensibilityGlobals) = postSolution
		SolutionGuid = {1D5A4FB9-15A2-41ED-9256-0CDE12517B67}
	EndGlobalSection
EndGlobal
